
Microsoft Visual Studio Solution File, Format Version 12.00
# Visual Studio Version 17
VisualStudioVersion = 17.9.34728.123
MinimumVisualStudioVersion = 10.0.40219.1
Project("{FAE04EC0-301F-11D3-BF4B-00C04F79EFBC}") = "IwasBahaAPI", "IwasBahaAPI\IwasBahaAPI.csproj", "{5DFCDB29-1C1D-4DDA-97B5-711177B60F7B}"
EndProject
Global
	GlobalSection(SolutionConfigurationPlatforms) = preSolution
		Debug|Any CPU = Debug|Any CPU
		Release|Any CPU = Release|Any CPU
	EndGlobalSection
	GlobalSection(ProjectConfigurationPlatforms) = postSolution
		{5DFCDB29-1C1D-4DDA-97B5-711177B60F7B}.Debug|Any CPU.ActiveCfg = Debug|Any CPU
		{5DFCDB29-1C1D-4DDA-97B5-711177B60F7B}.Debug|Any CPU.Build.0 = Debug|Any CPU
		{5DFCDB29-1C1D-4DDA-97B5-711177B60F7B}.Release|Any CPU.ActiveCfg = Release|Any CPU
		{5DFCDB29-1C1D-4DDA-97B5-711177B60F7B}.Release|Any CPU.Build.0 = Release|Any CPU
	EndGlobalSection
	GlobalSection(SolutionProperties) = preSolution
		HideSolutionNode = FALSE
	EndGlobalSection
	GlobalSection(ExtensibilityGlobals) = postSolution
		SolutionGuid = {277D88A1-9BF5-4DF1-89B6-1347B8386EFC}
	EndGlobalSection
EndGlobal
